
Microsoft Visual Studio Solution File, Format Version 12.00
# Visual Studio Version 16
VisualStudioVersion = 25.0.1706.14
MinimumVisualStudioVersion = 10.0.40219.1
Project("{FAE04EC0-301F-11D3-BF4B-00C04F79EFBC}") = "task01", "task01\task01.csproj", "{5F8E410C-5C21-4220-917C-5F337ADEDD7B}"
EndProject
Project("{FAE04EC0-301F-11D3-BF4B-00C04F79EFBC}") = "task02", "task02\task02.csproj", "{BAD25696-8483-4386-9751-9A918B71EEC8}"
EndProject
Project("{FAE04EC0-301F-11D3-BF4B-00C04F79EFBC}") = "task03", "task03\task03.csproj", "{C619D93F-CE01-4B2C-A2B3-317F84238743}"
EndProject
Project("{FAE04EC0-301F-11D3-BF4B-00C04F79EFBC}") = "task04", "task04\task04.csproj", "{AA017B0B-CA7D-40B2-ADFE-6EE4A8ABCCFD}"
EndProject
Global
	GlobalSection(SolutionConfigurationPlatforms) = preSolution
		Debug|Any CPU = Debug|Any CPU
		Release|Any CPU = Release|Any CPU
	EndGlobalSection
	GlobalSection(ProjectConfigurationPlatforms) = postSolution
		{5F8E410C-5C21-4220-917C-5F337ADEDD7B}.Debug|Any CPU.ActiveCfg = Debug|Any CPU
		{5F8E410C-5C21-4220-917C-5F337ADEDD7B}.Debug|Any CPU.Build.0 = Debug|Any CPU
		{5F8E410C-5C21-4220-917C-5F337ADEDD7B}.Release|Any CPU.ActiveCfg = Release|Any CPU
		{5F8E410C-5C21-4220-917C-5F337ADEDD7B}.Release|Any CPU.Build.0 = Release|Any CPU
		{BAD25696-8483-4386-9751-9A918B71EEC8}.Debug|Any CPU.ActiveCfg = Debug|Any CPU
		{BAD25696-8483-4386-9751-9A918B71EEC8}.Debug|Any CPU.Build.0 = Debug|Any CPU
		{BAD25696-8483-4386-9751-9A918B71EEC8}.Release|Any CPU.ActiveCfg = Release|Any CPU
		{BAD25696-8483-4386-9751-9A918B71EEC8}.Release|Any CPU.Build.0 = Release|Any CPU
		{C619D93F-CE01-4B2C-A2B3-317F84238743}.Debug|Any CPU.ActiveCfg = Debug|Any CPU
		{C619D93F-CE01-4B2C-A2B3-317F84238743}.Debug|Any CPU.Build.0 = Debug|Any CPU
		{C619D93F-CE01-4B2C-A2B3-317F84238743}.Release|Any CPU.ActiveCfg = Release|Any CPU
		{C619D93F-CE01-4B2C-A2B3-317F84238743}.Release|Any CPU.Build.0 = Release|Any CPU
		{AA017B0B-CA7D-40B2-ADFE-6EE4A8ABCCFD}.Debug|Any CPU.ActiveCfg = Debug|Any CPU
		{AA017B0B-CA7D-40B2-ADFE-6EE4A8ABCCFD}.Debug|Any CPU.Build.0 = Debug|Any CPU
		{AA017B0B-CA7D-40B2-ADFE-6EE4A8ABCCFD}.Release|Any CPU.ActiveCfg = Release|Any CPU
		{AA017B0B-CA7D-40B2-ADFE-6EE4A8ABCCFD}.Release|Any CPU.Build.0 = Release|Any CPU
	EndGlobalSection
	GlobalSection(SolutionProperties) = preSolution
		HideSolutionNode = FALSE
	EndGlobalSection
	GlobalSection(ExtensibilityGlobals) = postSolution
		SolutionGuid = {6ED9501C-5993-4993-8600-38F8A45BB016}
	EndGlobalSection
EndGlobal
