
Microsoft Visual Studio Solution File, Format Version 12.00
# Visual Studio Version 16
VisualStudioVersion = 25.0.1706.14
MinimumVisualStudioVersion = 10.0.40219.1
Project("{FAE04EC0-301F-11D3-BF4B-00C04F79EFBC}") = "task01", "task01\task01.csproj", "{BE9823E6-548F-4C2A-9CF8-557E70BED0AA}"
EndProject
Project("{FAE04EC0-301F-11D3-BF4B-00C04F79EFBC}") = "task02", "task02\task02.csproj", "{118B3EF8-0960-44EE-8CD8-E9CF9A0BE333}"
EndProject
Project("{FAE04EC0-301F-11D3-BF4B-00C04F79EFBC}") = "task03", "task03\task03.csproj", "{9BDA2139-4D26-4509-A4E2-55198A1FB2F0}"
EndProject
Global
	GlobalSection(SolutionConfigurationPlatforms) = preSolution
		Debug|Any CPU = Debug|Any CPU
		Release|Any CPU = Release|Any CPU
	EndGlobalSection
	GlobalSection(ProjectConfigurationPlatforms) = postSolution
		{BE9823E6-548F-4C2A-9CF8-557E70BED0AA}.Debug|Any CPU.ActiveCfg = Debug|Any CPU
		{BE9823E6-548F-4C2A-9CF8-557E70BED0AA}.Debug|Any CPU.Build.0 = Debug|Any CPU
		{BE9823E6-548F-4C2A-9CF8-557E70BED0AA}.Release|Any CPU.ActiveCfg = Release|Any CPU
		{BE9823E6-548F-4C2A-9CF8-557E70BED0AA}.Release|Any CPU.Build.0 = Release|Any CPU
		{118B3EF8-0960-44EE-8CD8-E9CF9A0BE333}.Debug|Any CPU.ActiveCfg = Debug|Any CPU
		{118B3EF8-0960-44EE-8CD8-E9CF9A0BE333}.Debug|Any CPU.Build.0 = Debug|Any CPU
		{118B3EF8-0960-44EE-8CD8-E9CF9A0BE333}.Release|Any CPU.ActiveCfg = Release|Any CPU
		{118B3EF8-0960-44EE-8CD8-E9CF9A0BE333}.Release|Any CPU.Build.0 = Release|Any CPU
		{9BDA2139-4D26-4509-A4E2-55198A1FB2F0}.Debug|Any CPU.ActiveCfg = Debug|Any CPU
		{9BDA2139-4D26-4509-A4E2-55198A1FB2F0}.Debug|Any CPU.Build.0 = Debug|Any CPU
		{9BDA2139-4D26-4509-A4E2-55198A1FB2F0}.Release|Any CPU.ActiveCfg = Release|Any CPU
		{9BDA2139-4D26-4509-A4E2-55198A1FB2F0}.Release|Any CPU.Build.0 = Release|Any CPU
	EndGlobalSection
	GlobalSection(SolutionProperties) = preSolution
		HideSolutionNode = FALSE
	EndGlobalSection
	GlobalSection(ExtensibilityGlobals) = postSolution
		SolutionGuid = {9172164C-A503-4418-9775-BC15F1A16E49}
	EndGlobalSection
EndGlobal
