
Microsoft Visual Studio Solution File, Format Version 12.00
# Visual Studio Version 16
VisualStudioVersion = 25.0.1706.14
MinimumVisualStudioVersion = 10.0.40219.1
Project("{FAE04EC0-301F-11D3-BF4B-00C04F79EFBC}") = "task01", "task01\task01.csproj", "{6321D833-9E28-4099-A282-31634C902805}"
EndProject
Project("{FAE04EC0-301F-11D3-BF4B-00C04F79EFBC}") = "task02", "task02\task02.csproj", "{5E0DA44A-B182-41D4-BE0A-1CB519450A35}"
EndProject
Project("{FAE04EC0-301F-11D3-BF4B-00C04F79EFBC}") = "task03", "task03\task03.csproj", "{95CD1D11-358F-4E97-9517-3DD02B85E9F6}"
EndProject
Global
	GlobalSection(SolutionConfigurationPlatforms) = preSolution
		Debug|Any CPU = Debug|Any CPU
		Release|Any CPU = Release|Any CPU
	EndGlobalSection
	GlobalSection(ProjectConfigurationPlatforms) = postSolution
		{6321D833-9E28-4099-A282-31634C902805}.Debug|Any CPU.ActiveCfg = Debug|Any CPU
		{6321D833-9E28-4099-A282-31634C902805}.Debug|Any CPU.Build.0 = Debug|Any CPU
		{6321D833-9E28-4099-A282-31634C902805}.Release|Any CPU.ActiveCfg = Release|Any CPU
		{6321D833-9E28-4099-A282-31634C902805}.Release|Any CPU.Build.0 = Release|Any CPU
		{5E0DA44A-B182-41D4-BE0A-1CB519450A35}.Debug|Any CPU.ActiveCfg = Debug|Any CPU
		{5E0DA44A-B182-41D4-BE0A-1CB519450A35}.Debug|Any CPU.Build.0 = Debug|Any CPU
		{5E0DA44A-B182-41D4-BE0A-1CB519450A35}.Release|Any CPU.ActiveCfg = Release|Any CPU
		{5E0DA44A-B182-41D4-BE0A-1CB519450A35}.Release|Any CPU.Build.0 = Release|Any CPU
		{95CD1D11-358F-4E97-9517-3DD02B85E9F6}.Debug|Any CPU.ActiveCfg = Debug|Any CPU
		{95CD1D11-358F-4E97-9517-3DD02B85E9F6}.Debug|Any CPU.Build.0 = Debug|Any CPU
		{95CD1D11-358F-4E97-9517-3DD02B85E9F6}.Release|Any CPU.ActiveCfg = Release|Any CPU
		{95CD1D11-358F-4E97-9517-3DD02B85E9F6}.Release|Any CPU.Build.0 = Release|Any CPU
	EndGlobalSection
	GlobalSection(SolutionProperties) = preSolution
		HideSolutionNode = FALSE
	EndGlobalSection
	GlobalSection(ExtensibilityGlobals) = postSolution
		SolutionGuid = {C766D11C-FC1F-4572-99AD-9709F5762B99}
	EndGlobalSection
EndGlobal
