
Microsoft Visual Studio Solution File, Format Version 12.00
# Visual Studio Version 16
VisualStudioVersion = 25.0.1706.14
MinimumVisualStudioVersion = 10.0.40219.1
Project("{FAE04EC0-301F-11D3-BF4B-00C04F79EFBC}") = "task01", "task1\task01.csproj", "{049BDAE4-3A56-41B7-BDBB-49B484446642}"
EndProject
Project("{FAE04EC0-301F-11D3-BF4B-00C04F79EFBC}") = "task02", "task02\task02.csproj", "{3B094E9F-5611-496C-82A6-40727BA550EC}"
EndProject
Project("{FAE04EC0-301F-11D3-BF4B-00C04F79EFBC}") = "task03", "task03\task03.csproj", "{E872315A-3FD4-484A-AB01-702A3B74FDB6}"
EndProject
Project("{FAE04EC0-301F-11D3-BF4B-00C04F79EFBC}") = "task04", "task04\task04.csproj", "{DFF98782-756C-4D77-A366-2F959D70F89F}"
EndProject
Project("{FAE04EC0-301F-11D3-BF4B-00C04F79EFBC}") = "task05", "task05\task05.csproj", "{B5DA9607-A527-4FD4-BAF0-E926543B1F9F}"
EndProject
Project("{FAE04EC0-301F-11D3-BF4B-00C04F79EFBC}") = "task06", "task06\task06.csproj", "{A3788E60-7FF8-4CFA-B164-778E43F8F50E}"
EndProject
Project("{FAE04EC0-301F-11D3-BF4B-00C04F79EFBC}") = "task07", "task07\task07.csproj", "{A0D3E317-0D41-40A6-A0C4-6C87213168D7}"
EndProject
Global
	GlobalSection(SolutionConfigurationPlatforms) = preSolution
		Debug|Any CPU = Debug|Any CPU
		Release|Any CPU = Release|Any CPU
	EndGlobalSection
	GlobalSection(ProjectConfigurationPlatforms) = postSolution
		{049BDAE4-3A56-41B7-BDBB-49B484446642}.Debug|Any CPU.ActiveCfg = Debug|Any CPU
		{049BDAE4-3A56-41B7-BDBB-49B484446642}.Debug|Any CPU.Build.0 = Debug|Any CPU
		{049BDAE4-3A56-41B7-BDBB-49B484446642}.Release|Any CPU.ActiveCfg = Release|Any CPU
		{049BDAE4-3A56-41B7-BDBB-49B484446642}.Release|Any CPU.Build.0 = Release|Any CPU
		{3B094E9F-5611-496C-82A6-40727BA550EC}.Debug|Any CPU.ActiveCfg = Debug|Any CPU
		{3B094E9F-5611-496C-82A6-40727BA550EC}.Debug|Any CPU.Build.0 = Debug|Any CPU
		{3B094E9F-5611-496C-82A6-40727BA550EC}.Release|Any CPU.ActiveCfg = Release|Any CPU
		{3B094E9F-5611-496C-82A6-40727BA550EC}.Release|Any CPU.Build.0 = Release|Any CPU
		{E872315A-3FD4-484A-AB01-702A3B74FDB6}.Debug|Any CPU.ActiveCfg = Debug|Any CPU
		{E872315A-3FD4-484A-AB01-702A3B74FDB6}.Debug|Any CPU.Build.0 = Debug|Any CPU
		{E872315A-3FD4-484A-AB01-702A3B74FDB6}.Release|Any CPU.ActiveCfg = Release|Any CPU
		{E872315A-3FD4-484A-AB01-702A3B74FDB6}.Release|Any CPU.Build.0 = Release|Any CPU
		{DFF98782-756C-4D77-A366-2F959D70F89F}.Debug|Any CPU.ActiveCfg = Debug|Any CPU
		{DFF98782-756C-4D77-A366-2F959D70F89F}.Debug|Any CPU.Build.0 = Debug|Any CPU
		{DFF98782-756C-4D77-A366-2F959D70F89F}.Release|Any CPU.ActiveCfg = Release|Any CPU
		{DFF98782-756C-4D77-A366-2F959D70F89F}.Release|Any CPU.Build.0 = Release|Any CPU
		{B5DA9607-A527-4FD4-BAF0-E926543B1F9F}.Debug|Any CPU.ActiveCfg = Debug|Any CPU
		{B5DA9607-A527-4FD4-BAF0-E926543B1F9F}.Debug|Any CPU.Build.0 = Debug|Any CPU
		{B5DA9607-A527-4FD4-BAF0-E926543B1F9F}.Release|Any CPU.ActiveCfg = Release|Any CPU
		{B5DA9607-A527-4FD4-BAF0-E926543B1F9F}.Release|Any CPU.Build.0 = Release|Any CPU
		{A3788E60-7FF8-4CFA-B164-778E43F8F50E}.Debug|Any CPU.ActiveCfg = Debug|Any CPU
		{A3788E60-7FF8-4CFA-B164-778E43F8F50E}.Debug|Any CPU.Build.0 = Debug|Any CPU
		{A3788E60-7FF8-4CFA-B164-778E43F8F50E}.Release|Any CPU.ActiveCfg = Release|Any CPU
		{A3788E60-7FF8-4CFA-B164-778E43F8F50E}.Release|Any CPU.Build.0 = Release|Any CPU
		{A0D3E317-0D41-40A6-A0C4-6C87213168D7}.Debug|Any CPU.ActiveCfg = Debug|Any CPU
		{A0D3E317-0D41-40A6-A0C4-6C87213168D7}.Debug|Any CPU.Build.0 = Debug|Any CPU
		{A0D3E317-0D41-40A6-A0C4-6C87213168D7}.Release|Any CPU.ActiveCfg = Release|Any CPU
		{A0D3E317-0D41-40A6-A0C4-6C87213168D7}.Release|Any CPU.Build.0 = Release|Any CPU
	EndGlobalSection
	GlobalSection(SolutionProperties) = preSolution
		HideSolutionNode = FALSE
	EndGlobalSection
	GlobalSection(ExtensibilityGlobals) = postSolution
		SolutionGuid = {630E2326-640D-479E-9187-4C4701154FDB}
	EndGlobalSection
EndGlobal
